
Microsoft Visual Studio Solution File, Format Version 12.00
# Visual Studio Version 16
VisualStudioVersion = 16.0.30204.135
MinimumVisualStudioVersion = 10.0.40219.1
Project("{FAE04EC0-301F-11D3-BF4B-00C04F79EFBC}") = "Fibonacci", "Fibonacci\Fibonacci.csproj", "{39D51427-3B99-48A3-A1C3-9A78DC1DEF41}"
EndProject
Global
	GlobalSection(SolutionConfigurationPlatforms) = preSolution
		Debug|Any CPU = Debug|Any CPU
		Release|Any CPU = Release|Any CPU
	EndGlobalSection
	GlobalSection(ProjectConfigurationPlatforms) = postSolution
		{39D51427-3B99-48A3-A1C3-9A78DC1DEF41}.Debug|Any CPU.ActiveCfg = Debug|Any CPU
		{39D51427-3B99-48A3-A1C3-9A78DC1DEF41}.Debug|Any CPU.Build.0 = Debug|Any CPU
		{39D51427-3B99-48A3-A1C3-9A78DC1DEF41}.Release|Any CPU.ActiveCfg = Release|Any CPU
		{39D51427-3B99-48A3-A1C3-9A78DC1DEF41}.Release|Any CPU.Build.0 = Release|Any CPU
	EndGlobalSection
	GlobalSection(SolutionProperties) = preSolution
		HideSolutionNode = FALSE
	EndGlobalSection
	GlobalSection(ExtensibilityGlobals) = postSolution
		SolutionGuid = {90468626-5B7E-40A2-8FEC-536200610729}
	EndGlobalSection
EndGlobal
